
Microsoft Visual Studio Solution File, Format Version 12.00
# Visual Studio Version 17
VisualStudioVersion = 17.3.32811.315
MinimumVisualStudioVersion = 10.0.40219.1
Project("{FAE04EC0-301F-11D3-BF4B-00C04F79EFBC}") = "PrvocisloUkol", "PrvocisloUkol\PrvocisloUkol.csproj", "{BD1353CC-042B-46BE-99D0-76F1228A4B51}"
EndProject
Global
	GlobalSection(SolutionConfigurationPlatforms) = preSolution
		Debug|Any CPU = Debug|Any CPU
		Release|Any CPU = Release|Any CPU
	EndGlobalSection
	GlobalSection(ProjectConfigurationPlatforms) = postSolution
		{BD1353CC-042B-46BE-99D0-76F1228A4B51}.Debug|Any CPU.ActiveCfg = Debug|Any CPU
		{BD1353CC-042B-46BE-99D0-76F1228A4B51}.Debug|Any CPU.Build.0 = Debug|Any CPU
		{BD1353CC-042B-46BE-99D0-76F1228A4B51}.Release|Any CPU.ActiveCfg = Release|Any CPU
		{BD1353CC-042B-46BE-99D0-76F1228A4B51}.Release|Any CPU.Build.0 = Release|Any CPU
	EndGlobalSection
	GlobalSection(SolutionProperties) = preSolution
		HideSolutionNode = FALSE
	EndGlobalSection
	GlobalSection(ExtensibilityGlobals) = postSolution
		SolutionGuid = {4D4153DE-E75B-4FF7-8B63-9219214A1AC4}
	EndGlobalSection
EndGlobal
